
Microsoft Visual Studio Solution File, Format Version 12.00
# Visual Studio Version 17
VisualStudioVersion = 17.3.32804.467
MinimumVisualStudioVersion = 10.0.40219.1
Project("{FAE04EC0-301F-11D3-BF4B-00C04F79EFBC}") = "calculator", "calculator\calculator.csproj", "{C0B1C0AB-4BAD-4FB6-82C4-824E526EF3CD}"
EndProject
Project("{FAE04EC0-301F-11D3-BF4B-00C04F79EFBC}") = "TestProject1", "TestProject1\TestProject1.csproj", "{C521BA93-5806-4367-9802-7051189C2B3F}"
EndProject
Global
	GlobalSection(SolutionConfigurationPlatforms) = preSolution
		Debug|Any CPU = Debug|Any CPU
		Release|Any CPU = Release|Any CPU
	EndGlobalSection
	GlobalSection(ProjectConfigurationPlatforms) = postSolution
		{C0B1C0AB-4BAD-4FB6-82C4-824E526EF3CD}.Debug|Any CPU.ActiveCfg = Debug|Any CPU
		{C0B1C0AB-4BAD-4FB6-82C4-824E526EF3CD}.Debug|Any CPU.Build.0 = Debug|Any CPU
		{C0B1C0AB-4BAD-4FB6-82C4-824E526EF3CD}.Release|Any CPU.ActiveCfg = Release|Any CPU
		{C0B1C0AB-4BAD-4FB6-82C4-824E526EF3CD}.Release|Any CPU.Build.0 = Release|Any CPU
		{C521BA93-5806-4367-9802-7051189C2B3F}.Debug|Any CPU.ActiveCfg = Debug|Any CPU
		{C521BA93-5806-4367-9802-7051189C2B3F}.Debug|Any CPU.Build.0 = Debug|Any CPU
		{C521BA93-5806-4367-9802-7051189C2B3F}.Release|Any CPU.ActiveCfg = Release|Any CPU
		{C521BA93-5806-4367-9802-7051189C2B3F}.Release|Any CPU.Build.0 = Release|Any CPU
	EndGlobalSection
	GlobalSection(SolutionProperties) = preSolution
		HideSolutionNode = FALSE
	EndGlobalSection
	GlobalSection(ExtensibilityGlobals) = postSolution
		SolutionGuid = {FFAA4BDB-8AB7-4FAD-A2CE-1BF0CF377595}
	EndGlobalSection
EndGlobal
